
Microsoft Visual Studio Solution File, Format Version 12.00
# Visual Studio Version 16
VisualStudioVersion = 16.0.29324.140
MinimumVisualStudioVersion = 10.0.40219.1
Project("{FAE04EC0-301F-11D3-BF4B-00C04F79EFBC}") = "oracleDatabaseLogin", "oracleDatabaseLogin\oracleDatabaseLogin.csproj", "{C85C0068-9FA6-4397-A1A9-A339664BF637}"
EndProject
Global
	GlobalSection(SolutionConfigurationPlatforms) = preSolution
		Debug|Any CPU = Debug|Any CPU
		Release|Any CPU = Release|Any CPU
	EndGlobalSection
	GlobalSection(ProjectConfigurationPlatforms) = postSolution
		{C85C0068-9FA6-4397-A1A9-A339664BF637}.Debug|Any CPU.ActiveCfg = Debug|Any CPU
		{C85C0068-9FA6-4397-A1A9-A339664BF637}.Debug|Any CPU.Build.0 = Debug|Any CPU
		{C85C0068-9FA6-4397-A1A9-A339664BF637}.Release|Any CPU.ActiveCfg = Release|Any CPU
		{C85C0068-9FA6-4397-A1A9-A339664BF637}.Release|Any CPU.Build.0 = Release|Any CPU
	EndGlobalSection
	GlobalSection(SolutionProperties) = preSolution
		HideSolutionNode = FALSE
	EndGlobalSection
	GlobalSection(ExtensibilityGlobals) = postSolution
		SolutionGuid = {AE2120E6-BAF5-4E40-98E3-FE93D949868D}
	EndGlobalSection
EndGlobal
